
Microsoft Visual Studio Solution File, Format Version 12.00
# Visual Studio Version 17
VisualStudioVersion = 17.10.34916.146
MinimumVisualStudioVersion = 10.0.40219.1
Project("{9A19103F-16F7-4668-BE54-9A1E7A4F7556}") = "PowerScope", "PowerScope.csproj", "{F4ECDF66-36B7-4787-A258-EE2BEF88B49D}"
EndProject
Project("{FAE04EC0-301F-11D3-BF4B-00C04F79EFBC}") = "FtdiSharp", "..\..\source\repos\mwattenberg\FtdiSharp\src\FtdiSharp\FtdiSharp.csproj", "{CD9CD6AD-9CD6-F554-90BC-7C2998CDC177}"
EndProject
Global
	GlobalSection(SolutionConfigurationPlatforms) = preSolution
		Debug|Any CPU = Debug|Any CPU
		Debug|x64 = Debug|x64
		Performance|Any CPU = Performance|Any CPU
		Performance|x64 = Performance|x64
		Release|Any CPU = Release|Any CPU
		Release|x64 = Release|x64
	EndGlobalSection
	GlobalSection(ProjectConfigurationPlatforms) = postSolution
		{F4ECDF66-36B7-4787-A258-EE2BEF88B49D}.Debug|Any CPU.ActiveCfg = Debug|Any CPU
		{F4ECDF66-36B7-4787-A258-EE2BEF88B49D}.Debug|Any CPU.Build.0 = Debug|Any CPU
		{F4ECDF66-36B7-4787-A258-EE2BEF88B49D}.Debug|x64.ActiveCfg = Debug|x64
		{F4ECDF66-36B7-4787-A258-EE2BEF88B49D}.Debug|x64.Build.0 = Debug|x64
		{F4ECDF66-36B7-4787-A258-EE2BEF88B49D}.Performance|Any CPU.ActiveCfg = Performance|Any CPU
		{F4ECDF66-36B7-4787-A258-EE2BEF88B49D}.Performance|Any CPU.Build.0 = Performance|Any CPU
		{F4ECDF66-36B7-4787-A258-EE2BEF88B49D}.Performance|x64.ActiveCfg = Performance|x64
		{F4ECDF66-36B7-4787-A258-EE2BEF88B49D}.Performance|x64.Build.0 = Performance|x64
		{F4ECDF66-36B7-4787-A258-EE2BEF88B49D}.Release|Any CPU.ActiveCfg = Release|x64
		{F4ECDF66-36B7-4787-A258-EE2BEF88B49D}.Release|Any CPU.Build.0 = Release|x64
		{F4ECDF66-36B7-4787-A258-EE2BEF88B49D}.Release|x64.ActiveCfg = Release|x64
		{F4ECDF66-36B7-4787-A258-EE2BEF88B49D}.Release|x64.Build.0 = Release|x64
		{CD9CD6AD-9CD6-F554-90BC-7C2998CDC177}.Debug|Any CPU.ActiveCfg = Debug|Any CPU
		{CD9CD6AD-9CD6-F554-90BC-7C2998CDC177}.Debug|Any CPU.Build.0 = Debug|Any CPU
		{CD9CD6AD-9CD6-F554-90BC-7C2998CDC177}.Debug|x64.ActiveCfg = Debug|Any CPU
		{CD9CD6AD-9CD6-F554-90BC-7C2998CDC177}.Debug|x64.Build.0 = Debug|Any CPU
		{CD9CD6AD-9CD6-F554-90BC-7C2998CDC177}.Performance|Any CPU.ActiveCfg = Debug|Any CPU
		{CD9CD6AD-9CD6-F554-90BC-7C2998CDC177}.Performance|Any CPU.Build.0 = Debug|Any CPU
		{CD9CD6AD-9CD6-F554-90BC-7C2998CDC177}.Performance|x64.ActiveCfg = Debug|Any CPU
		{CD9CD6AD-9CD6-F554-90BC-7C2998CDC177}.Performance|x64.Build.0 = Debug|Any CPU
		{CD9CD6AD-9CD6-F554-90BC-7C2998CDC177}.Release|Any CPU.ActiveCfg = Release|Any CPU
		{CD9CD6AD-9CD6-F554-90BC-7C2998CDC177}.Release|Any CPU.Build.0 = Release|Any CPU
		{CD9CD6AD-9CD6-F554-90BC-7C2998CDC177}.Release|x64.ActiveCfg = Release|Any CPU
		{CD9CD6AD-9CD6-F554-90BC-7C2998CDC177}.Release|x64.Build.0 = Release|Any CPU
	EndGlobalSection
	GlobalSection(SolutionProperties) = preSolution
		HideSolutionNode = FALSE
	EndGlobalSection
	GlobalSection(ExtensibilityGlobals) = postSolution
		SolutionGuid = {D47CB76E-D7A2-47E6-9000-325D27AEC5E8}
	EndGlobalSection
EndGlobal
